// !$*UTF8*$!
{
	archiveVersion = 1;
	classes = {
	};
	objectVersion = 46;
	objects = {

/* Begin PBXBuildFile section */
		BA3F02D21E695B9800D070AC /* SampleData.swift in Sources */ = {isa = PBXBuildFile; fileRef = BA3F02D11E695B9800D070AC /* SampleData.swift */; };
		BA4C17741E616E7300F28591 /* FeedObj.swift in Sources */ = {isa = PBXBuildFile; fileRef = BA4C17731E616E7300F28591 /* FeedObj.swift */; };
		BA4C17761E616EB500F28591 /* CommentObj.swift in Sources */ = {isa = PBXBuildFile; fileRef = BA4C17751E616EB500F28591 /* CommentObj.swift */; };
		BA4C177D1E616F4600F28591 /* FeedCell.swift in Sources */ = {isa = PBXBuildFile; fileRef = BA4C177B1E616F4600F28591 /* FeedCell.swift */; };
		BA4C177E1E616F4600F28591 /* FeedCell.xib in Resources */ = {isa = PBXBuildFile; fileRef = BA4C177C1E616F4600F28591 /* FeedCell.xib */; };
		BA8228811E5FFE7000E465AC /* AppDelegate.swift in Sources */ = {isa = PBXBuildFile; fileRef = BA8228801E5FFE7000E465AC /* AppDelegate.swift */; };
		BA8228831E5FFE7000E465AC /* ViewController.swift in Sources */ = {isa = PBXBuildFile; fileRef = BA8228821E5FFE7000E465AC /* ViewController.swift */; };
		BA8228861E5FFE7000E465AC /* Main.storyboard in Resources */ = {isa = PBXBuildFile; fileRef = BA8228841E5FFE7000E465AC /* Main.storyboard */; };
		BA8228881E5FFE7000E465AC /* Assets.xcassets in Resources */ = {isa = PBXBuildFile; fileRef = BA8228871E5FFE7000E465AC /* Assets.xcassets */; };
		BA82288B1E5FFE7000E465AC /* LaunchScreen.storyboard in Resources */ = {isa = PBXBuildFile; fileRef = BA8228891E5FFE7000E465AC /* LaunchScreen.storyboard */; };
		BA8228941E5FFF1900E465AC /* DiffTransform.swift in Sources */ = {isa = PBXBuildFile; fileRef = BA8228931E5FFF1900E465AC /* DiffTransform.swift */; };
		BA8228961E5FFF2800E465AC /* DiffCalculator.swift in Sources */ = {isa = PBXBuildFile; fileRef = BA8228951E5FFF2800E465AC /* DiffCalculator.swift */; };
		BA82289B1E5FFF7F00E465AC /* Diff.swift in Sources */ = {isa = PBXBuildFile; fileRef = BA82289A1E5FFF7F00E465AC /* Diff.swift */; };
/* End PBXBuildFile section */

/* Begin PBXFileReference section */
		BA3F02D11E695B9800D070AC /* SampleData.swift */ = {isa = PBXFileReference; fileEncoding = 4; lastKnownFileType = sourcecode.swift; path = SampleData.swift; sourceTree = "<group>"; };
		BA4C17731E616E7300F28591 /* FeedObj.swift */ = {isa = PBXFileReference; fileEncoding = 4; lastKnownFileType = sourcecode.swift; path = FeedObj.swift; sourceTree = "<group>"; };
		BA4C17751E616EB500F28591 /* CommentObj.swift */ = {isa = PBXFileReference; fileEncoding = 4; lastKnownFileType = sourcecode.swift; path = CommentObj.swift; sourceTree = "<group>"; };
		BA4C177B1E616F4600F28591 /* FeedCell.swift */ = {isa = PBXFileReference; fileEncoding = 4; lastKnownFileType = sourcecode.swift; path = FeedCell.swift; sourceTree = "<group>"; };
		BA4C177C1E616F4600F28591 /* FeedCell.xib */ = {isa = PBXFileReference; fileEncoding = 4; lastKnownFileType = file.xib; path = FeedCell.xib; sourceTree = "<group>"; };
		BA82287D1E5FFE7000E465AC /* Diff.app */ = {isa = PBXFileReference; explicitFileType = wrapper.application; includeInIndex = 0; path = Diff.app; sourceTree = BUILT_PRODUCTS_DIR; };
		BA8228801E5FFE7000E465AC /* AppDelegate.swift */ = {isa = PBXFileReference; lastKnownFileType = sourcecode.swift; path = AppDelegate.swift; sourceTree = "<group>"; };
		BA8228821E5FFE7000E465AC /* ViewController.swift */ = {isa = PBXFileReference; lastKnownFileType = sourcecode.swift; path = ViewController.swift; sourceTree = "<group>"; };
		BA8228851E5FFE7000E465AC /* Base */ = {isa = PBXFileReference; lastKnownFileType = file.storyboard; name = Base; path = Base.lproj/Main.storyboard; sourceTree = "<group>"; };
		BA8228871E5FFE7000E465AC /* Assets.xcassets */ = {isa = PBXFileReference; lastKnownFileType = folder.assetcatalog; path = Assets.xcassets; sourceTree = "<group>"; };
		BA82288A1E5FFE7000E465AC /* Base */ = {isa = PBXFileReference; lastKnownFileType = file.storyboard; name = Base; path = Base.lproj/LaunchScreen.storyboard; sourceTree = "<group>"; };
		BA82288C1E5FFE7000E465AC /* Info.plist */ = {isa = PBXFileReference; lastKnownFileType = text.plist.xml; path = Info.plist; sourceTree = "<group>"; };
		BA8228931E5FFF1900E465AC /* DiffTransform.swift */ = {isa = PBXFileReference; fileEncoding = 4; lastKnownFileType = sourcecode.swift; path = DiffTransform.swift; sourceTree = "<group>"; };
		BA8228951E5FFF2800E465AC /* DiffCalculator.swift */ = {isa = PBXFileReference; fileEncoding = 4; lastKnownFileType = sourcecode.swift; path = DiffCalculator.swift; sourceTree = "<group>"; };
		BA82289A1E5FFF7F00E465AC /* Diff.swift */ = {isa = PBXFileReference; fileEncoding = 4; lastKnownFileType = sourcecode.swift; path = Diff.swift; sourceTree = "<group>"; };
/* End PBXFileReference section */

/* Begin PBXFrameworksBuildPhase section */
		BA82287A1E5FFE7000E465AC /* Frameworks */ = {
			isa = PBXFrameworksBuildPhase;
			buildActionMask = 2147483647;
			files = (
			);
			runOnlyForDeploymentPostprocessing = 0;
		};
/* End PBXFrameworksBuildPhase section */

/* Begin PBXGroup section */
		BA4C17721E616E6A00F28591 /* Example */ = {
			isa = PBXGroup;
			children = (
				BA4C17781E616F1900F28591 /* FeedCell */,
				BA4C17771E616F1400F28591 /* Obj */,
			);
			name = Example;
			sourceTree = "<group>";
		};
		BA4C17771E616F1400F28591 /* Obj */ = {
			isa = PBXGroup;
			children = (
				BA4C17731E616E7300F28591 /* FeedObj.swift */,
				BA4C17751E616EB500F28591 /* CommentObj.swift */,
				BA3F02D11E695B9800D070AC /* SampleData.swift */,
			);
			name = Obj;
			sourceTree = "<group>";
		};
		BA4C17781E616F1900F28591 /* FeedCell */ = {
			isa = PBXGroup;
			children = (
				BA4C177B1E616F4600F28591 /* FeedCell.swift */,
				BA4C177C1E616F4600F28591 /* FeedCell.xib */,
			);
			name = FeedCell;
			sourceTree = "<group>";
		};
		BA8228741E5FFE7000E465AC = {
			isa = PBXGroup;
			children = (
				BA82287F1E5FFE7000E465AC /* Diff */,
				BA82287E1E5FFE7000E465AC /* Products */,
			);
			sourceTree = "<group>";
		};
		BA82287E1E5FFE7000E465AC /* Products */ = {
			isa = PBXGroup;
			children = (
				BA82287D1E5FFE7000E465AC /* Diff.app */,
			);
			name = Products;
			sourceTree = "<group>";
		};
		BA82287F1E5FFE7000E465AC /* Diff */ = {
			isa = PBXGroup;
			children = (
				BA4C17721E616E6A00F28591 /* Example */,
				BA8228921E5FFE8500E465AC /* Diff */,
				BA8228801E5FFE7000E465AC /* AppDelegate.swift */,
				BA8228821E5FFE7000E465AC /* ViewController.swift */,
				BA8228841E5FFE7000E465AC /* Main.storyboard */,
				BA8228871E5FFE7000E465AC /* Assets.xcassets */,
				BA8228891E5FFE7000E465AC /* LaunchScreen.storyboard */,
				BA82288C1E5FFE7000E465AC /* Info.plist */,
			);
			path = Diff;
			sourceTree = "<group>";
		};
		BA8228921E5FFE8500E465AC /* Diff */ = {
			isa = PBXGroup;
			children = (
				BA8228951E5FFF2800E465AC /* DiffCalculator.swift */,
				BA8228931E5FFF1900E465AC /* DiffTransform.swift */,
				BA82289A1E5FFF7F00E465AC /* Diff.swift */,
			);
			name = Diff;
			sourceTree = "<group>";
		};
/* End PBXGroup section */

/* Begin PBXNativeTarget section */
		BA82287C1E5FFE7000E465AC /* Diff */ = {
			isa = PBXNativeTarget;
			buildConfigurationList = BA82288F1E5FFE7000E465AC /* Build configuration list for PBXNativeTarget "Diff" */;
			buildPhases = (
				BA8228791E5FFE7000E465AC /* Sources */,
				BA82287A1E5FFE7000E465AC /* Frameworks */,
				BA82287B1E5FFE7000E465AC /* Resources */,
			);
			buildRules = (
			);
			dependencies = (
			);
			name = Diff;
			productName = Diff;
			productReference = BA82287D1E5FFE7000E465AC /* Diff.app */;
			productType = "com.apple.product-type.application";
		};
/* End PBXNativeTarget section */

/* Begin PBXProject section */
		BA8228751E5FFE7000E465AC /* Project object */ = {
			isa = PBXProject;
			attributes = {
				LastSwiftUpdateCheck = 0820;
				LastUpgradeCheck = 0820;
				ORGANIZATIONNAME = nghiatran;
				TargetAttributes = {
					BA82287C1E5FFE7000E465AC = {
						CreatedOnToolsVersion = 8.2.1;
						DevelopmentTeam = D54Y88Y9CY;
						ProvisioningStyle = Automatic;
					};
				};
			};
			buildConfigurationList = BA8228781E5FFE7000E465AC /* Build configuration list for PBXProject "Diff" */;
			compatibilityVersion = "Xcode 3.2";
			developmentRegion = English;
			hasScannedForEncodings = 0;
			knownRegions = (
				en,
				Base,
			);
			mainGroup = BA8228741E5FFE7000E465AC;
			productRefGroup = BA82287E1E5FFE7000E465AC /* Products */;
			projectDirPath = "";
			projectRoot = "";
			targets = (
				BA82287C1E5FFE7000E465AC /* Diff */,
			);
		};
/* End PBXProject section */

/* Begin PBXResourcesBuildPhase section */
		BA82287B1E5FFE7000E465AC /* Resources */ = {
			isa = PBXResourcesBuildPhase;
			buildActionMask = 2147483647;
			files = (
				BA82288B1E5FFE7000E465AC /* LaunchScreen.storyboard in Resources */,
				BA4C177E1E616F4600F28591 /* FeedCell.xib in Resources */,
				BA8228881E5FFE7000E465AC /* Assets.xcassets in Resources */,
				BA8228861E5FFE7000E465AC /* Main.storyboard in Resources */,
			);
			runOnlyForDeploymentPostprocessing = 0;
		};
/* End PBXResourcesBuildPhase section */

/* Begin PBXSourcesBuildPhase section */
		BA8228791E5FFE7000E465AC /* Sources */ = {
			isa = PBXSourcesBuildPhase;
			buildActionMask = 2147483647;
			files = (
				BA82289B1E5FFF7F00E465AC /* Diff.swift in Sources */,
				BA8228831E5FFE7000E465AC /* ViewController.swift in Sources */,
				BA4C17761E616EB500F28591 /* CommentObj.swift in Sources */,
				BA4C17741E616E7300F28591 /* FeedObj.swift in Sources */,
				BA8228961E5FFF2800E465AC /* DiffCalculator.swift in Sources */,
				BA4C177D1E616F4600F28591 /* FeedCell.swift in Sources */,
				BA8228941E5FFF1900E465AC /* DiffTransform.swift in Sources */,
				BA3F02D21E695B9800D070AC /* SampleData.swift in Sources */,
				BA8228811E5FFE7000E465AC /* AppDelegate.swift in Sources */,
			);
			runOnlyForDeploymentPostprocessing = 0;
		};
/* End PBXSourcesBuildPhase section */

/* Begin PBXVariantGroup section */
		BA8228841E5FFE7000E465AC /* Main.storyboard */ = {
			isa = PBXVariantGroup;
			children = (
				BA8228851E5FFE7000E465AC /* Base */,
			);
			name = Main.storyboard;
			sourceTree = "<group>";
		};
		BA8228891E5FFE7000E465AC /* LaunchScreen.storyboard */ = {
			isa = PBXVariantGroup;
			children = (
				BA82288A1E5FFE7000E465AC /* Base */,
			);
			name = LaunchScreen.storyboard;
			sourceTree = "<group>";
		};
/* End PBXVariantGroup section */

/* Begin XCBuildConfiguration section */
		BA82288D1E5FFE7000E465AC /* Debug */ = {
			isa = XCBuildConfiguration;
			buildSettings = {
				ALWAYS_SEARCH_USER_PATHS = NO;
				CLANG_ANALYZER_NONNULL = YES;
				CLANG_CXX_LANGUAGE_STANDARD = "gnu++0x";
				CLANG_CXX_LIBRARY = "libc++";
				CLANG_ENABLE_MODULES = YES;
				CLANG_ENABLE_OBJC_ARC = YES;
				CLANG_WARN_BOOL_CONVERSION = YES;
				CLANG_WARN_CONSTANT_CONVERSION = YES;
				CLANG_WARN_DIRECT_OBJC_ISA_USAGE = YES_ERROR;
				CLANG_WARN_DOCUMENTATION_COMMENTS = YES;
				CLANG_WARN_EMPTY_BODY = YES;
				CLANG_WARN_ENUM_CONVERSION = YES;
				CLANG_WARN_INFINITE_RECURSION = YES;
				CLANG_WARN_INT_CONVERSION = YES;
				CLANG_WARN_OBJC_ROOT_CLASS = YES_ERROR;
				CLANG_WARN_SUSPICIOUS_MOVE = YES;
				CLANG_WARN_UNREACHABLE_CODE = YES;
				CLANG_WARN__DUPLICATE_METHOD_MATCH = YES;
				"CODE_SIGN_IDENTITY[sdk=iphoneos*]" = "iPhone Developer";
				COPY_PHASE_STRIP = NO;
				DEBUG_INFORMATION_FORMAT = dwarf;
				ENABLE_STRICT_OBJC_MSGSEND = YES;
				ENABLE_TESTABILITY = YES;
				GCC_C_LANGUAGE_STANDARD = gnu99;
				GCC_DYNAMIC_NO_PIC = NO;
				GCC_NO_COMMON_BLOCKS = YES;
				GCC_OPTIMIZATION_LEVEL = 0;
				GCC_PREPROCESSOR_DEFINITIONS = (
					"DEBUG=1",
					"$(inherited)",
				);
				GCC_WARN_64_TO_32_BIT_CONVERSION = YES;
				GCC_WARN_ABOUT_RETURN_TYPE = YES_ERROR;
				GCC_WARN_UNDECLARED_SELECTOR = YES;
				GCC_WARN_UNINITIALIZED_AUTOS = YES_AGGRESSIVE;
				GCC_WARN_UNUSED_FUNCTION = YES;
				GCC_WARN_UNUSED_VARIABLE = YES;
				IPHONEOS_DEPLOYMENT_TARGET = 10.2;
				MTL_ENABLE_DEBUG_INFO = YES;
				ONLY_ACTIVE_ARCH = YES;
				SDKROOT = iphoneos;
				SWIFT_ACTIVE_COMPILATION_CONDITIONS = DEBUG;
				SWIFT_OPTIMIZATION_LEVEL = "-Onone";
			};
			name = Debug;
		};
		BA82288E1E5FFE7000E465AC /* Release */ = {
			isa = XCBuildConfiguration;
			buildSettings = {
				ALWAYS_SEARCH_USER_PATHS = NO;
				CLANG_ANALYZER_NONNULL = YES;
				CLANG_CXX_LANGUAGE_STANDARD = "gnu++0x";
				CLANG_CXX_LIBRARY = "libc++";
				CLANG_ENABLE_MODULES = YES;
				CLANG_ENABLE_OBJC_ARC = YES;
				CLANG_WARN_BOOL_CONVERSION = YES;
				CLANG_WARN_CONSTANT_CONVERSION = YES;
				CLANG_WARN_DIRECT_OBJC_ISA_USAGE = YES_ERROR;
				CLANG_WARN_DOCUMENTATION_COMMENTS = YES;
				CLANG_WARN_EMPTY_BODY = YES;
				CLANG_WARN_ENUM_CONVERSION = YES;
				CLANG_WARN_INFINITE_RECURSION = YES;
				CLANG_WARN_INT_CONVERSION = YES;
				CLANG_WARN_OBJC_ROOT_CLASS = YES_ERROR;
				CLANG_WARN_SUSPICIOUS_MOVE = YES;
				CLANG_WARN_UNREACHABLE_CODE = YES;
				CLANG_WARN__DUPLICATE_METHOD_MATCH = YES;
				"CODE_SIGN_IDENTITY[sdk=iphoneos*]" = "iPhone Developer";
				COPY_PHASE_STRIP = NO;
				DEBUG_INFORMATION_FORMAT = "dwarf-with-dsym";
				ENABLE_NS_ASSERTIONS = NO;
				ENABLE_STRICT_OBJC_MSGSEND = YES;
				GCC_C_LANGUAGE_STANDARD = gnu99;
				GCC_NO_COMMON_BLOCKS = YES;
				GCC_WARN_64_TO_32_BIT_CONVERSION = YES;
				GCC_WARN_ABOUT_RETURN_TYPE = YES_ERROR;
				GCC_WARN_UNDECLARED_SELECTOR = YES;
				GCC_WARN_UNINITIALIZED_AUTOS = YES_AGGRESSIVE;
				GCC_WARN_UNUSED_FUNCTION = YES;
				GCC_WARN_UNUSED_VARIABLE = YES;
				IPHONEOS_DEPLOYMENT_TARGET = 10.2;
				MTL_ENABLE_DEBUG_INFO = NO;
				SDKROOT = iphoneos;
				SWIFT_OPTIMIZATION_LEVEL = "-Owholemodule";
				VALIDATE_PRODUCT = YES;
			};
			name = Release;
		};
		BA8228901E5FFE7000E465AC /* Debug */ = {
			isa = XCBuildConfiguration;
			buildSettings = {
				ASSETCATALOG_COMPILER_APPICON_NAME = AppIcon;
				DEVELOPMENT_TEAM = D54Y88Y9CY;
				INFOPLIST_FILE = Diff/Info.plist;
				LD_RUNPATH_SEARCH_PATHS = "$(inherited) @executable_path/Frameworks";
				PRODUCT_BUNDLE_IDENTIFIER = com.fe.nghiatran.Diff;
				PRODUCT_NAME = "$(TARGET_NAME)";
				SWIFT_VERSION = 3.0;
			};
			name = Debug;
		};
		BA8228911E5FFE7000E465AC /* Release */ = {
			isa = XCBuildConfiguration;
			buildSettings = {
				ASSETCATALOG_COMPILER_APPICON_NAME = AppIcon;
				DEVELOPMENT_TEAM = D54Y88Y9CY;
				INFOPLIST_FILE = Diff/Info.plist;
				LD_RUNPATH_SEARCH_PATHS = "$(inherited) @executable_path/Frameworks";
				PRODUCT_BUNDLE_IDENTIFIER = com.fe.nghiatran.Diff;
				PRODUCT_NAME = "$(TARGET_NAME)";
				SWIFT_VERSION = 3.0;
			};
			name = Release;
		};
/* End XCBuildConfiguration section */

/* Begin XCConfigurationList section */
		BA8228781E5FFE7000E465AC /* Build configuration list for PBXProject "Diff" */ = {
			isa = XCConfigurationList;
			buildConfigurations = (
				BA82288D1E5FFE7000E465AC /* Debug */,
				BA82288E1E5FFE7000E465AC /* Release */,
			);
			defaultConfigurationIsVisible = 0;
			defaultConfigurationName = Release;
		};
		BA82288F1E5FFE7000E465AC /* Build configuration list for PBXNativeTarget "Diff" */ = {
			isa = XCConfigurationList;
			buildConfigurations = (
				BA8228901E5FFE7000E465AC /* Debug */,
				BA8228911E5FFE7000E465AC /* Release */,
			);
			defaultConfigurationIsVisible = 0;
			defaultConfigurationName = Release;
		};
/* End XCConfigurationList section */
	};
	rootObject = BA8228751E5FFE7000E465AC /* Project object */;
}
